{
  "name": "Pexels Project",
  "lockfileVersion": 2,
  "requires": true,
  "packages": {
    "": {
      "dependencies": {
        "flexmasonry": "^0.2.3"
      }
    },
    "node_modules/flexmasonry": {
      "version": "0.2.3",
      "resolved": "https://registry.npmjs.org/flexmasonry/-/flexmasonry-0.2.3.tgz",
      "integrity": "sha512-1Id/Ssa7+1sZvll2iyqPxamRmnp15omzWpwWVsK/wuC+ATcGHtxHlgI2MJGDF110jG1QWZN1vMHZOngEuzi/HQ=="
    }
  },
  "dependencies": {
    "flexmasonry": {
      "version": "0.2.3",
      "resolved": "https://registry.npmjs.org/flexmasonry/-/flexmasonry-0.2.3.tgz",
      "integrity": "sha512-1Id/Ssa7+1sZvll2iyqPxamRmnp15omzWpwWVsK/wuC+ATcGHtxHlgI2MJGDF110jG1QWZN1vMHZOngEuzi/HQ=="
    }
  }
}
